
Microsoft Visual Studio Solution File, Format Version 12.00
# Visual Studio Version 17
VisualStudioVersion = 17.0.31903.59
MinimumVisualStudioVersion = 10.0.40219.1
Project("{2150E333-8FDC-42A3-9474-1A3956D46DE8}") = "benches", "benches", "{A0C999E4-D4D5-A357-D053-95D43A9F45C8}"
EndProject
Project("{2150E333-8FDC-42A3-9474-1A3956D46DE8}") = "dotnet", "dotnet", "{7A3A976E-7F2D-4A44-4F7C-AFA76EFAEB79}"
EndProject
Project("{FAE04EC0-301F-11D3-BF4B-00C04F79EFBC}") = "dotnet_benchmarks", "benches\dotnet\dotnet_benchmarks.csproj", "{9CEDA191-C84B-497C-9372-FCFDF0EEAFE3}"
EndProject
Project("{2150E333-8FDC-42A3-9474-1A3956D46DE8}") = "tests", "tests", "{0AB3BF05-4346-4AA6-1389-037BE0695223}"
EndProject
Project("{2150E333-8FDC-42A3-9474-1A3956D46DE8}") = "backend_plugins", "backend_plugins", "{4F22FDCF-7108-9EFC-24FD-B50D30961300}"
EndProject
Project("{2150E333-8FDC-42A3-9474-1A3956D46DE8}") = "exceptions.dll", "exceptions.dll", "{33DAB519-BCD7-DD80-4835-34BB0AF556BA}"
EndProject
Project("{FAE04EC0-301F-11D3-BF4B-00C04F79EFBC}") = "exceptions", "tests\backend_plugins\exceptions.dll\exceptions.csproj", "{9FB72C1C-A308-4F4E-AA8A-3F51708FDD32}"
EndProject
Project("{2150E333-8FDC-42A3-9474-1A3956D46DE8}") = "memory.dll", "memory.dll", "{A7730322-6F63-57F7-2246-F75A30BBE4A4}"
EndProject
Project("{FAE04EC0-301F-11D3-BF4B-00C04F79EFBC}") = "memory", "tests\backend_plugins\memory.dll\memory.csproj", "{02D2FA68-98F3-40E9-888A-B440383558A1}"
EndProject
Project("{2150E333-8FDC-42A3-9474-1A3956D46DE8}") = "reference_plugins", "reference_plugins", "{0356582A-D56E-B4D0-A24D-9117600512C1}"
EndProject
Project("{2150E333-8FDC-42A3-9474-1A3956D46DE8}") = "complex.dll", "complex.dll", "{C6AEF2AB-4051-C53C-480F-2BD622A5AD23}"
EndProject
Project("{FAE04EC0-301F-11D3-BF4B-00C04F79EFBC}") = "complex", "tests\reference_plugins\complex.dll\complex.csproj", "{F8066777-C3DF-4378-A537-87D261D54A10}"
EndProject
Project("{2150E333-8FDC-42A3-9474-1A3956D46DE8}") = "functions_behavior.dll", "functions_behavior.dll", "{362AD352-E173-C336-1F6C-F28DAA178E49}"
EndProject
Project("{FAE04EC0-301F-11D3-BF4B-00C04F79EFBC}") = "functions_behavior", "tests\reference_plugins\functions_behavior.dll\functions_behavior.csproj", "{C29034BA-F64C-48D5-BA32-E2F3FF2B4CF7}"
EndProject
Project("{2150E333-8FDC-42A3-9474-1A3956D46DE8}") = "functions_primitive.dll", "functions_primitive.dll", "{C3D18193-51FE-BFCC-CE17-981F61D8B1C1}"
EndProject
Project("{FAE04EC0-301F-11D3-BF4B-00C04F79EFBC}") = "functions_primitive", "tests\reference_plugins\functions_primitive.dll\functions_primitive.csproj", "{D820080F-268C-4460-AAD8-712A0F0723E1}"
EndProject
Project("{2150E333-8FDC-42A3-9474-1A3956D46DE8}") = "pattern.dll", "pattern.dll", "{6A0589BB-6D0A-70E9-9FFC-48B3F0C0ACCD}"
EndProject
Project("{FAE04EC0-301F-11D3-BF4B-00C04F79EFBC}") = "pattern", "tests\reference_plugins\pattern.dll\pattern.csproj", "{C9293C09-5303-48F1-B728-82491E9B7202}"
EndProject
Project("{2150E333-8FDC-42A3-9474-1A3956D46DE8}") = "service_async.dll", "service_async.dll", "{134E9FB9-8695-D932-54C6-2BBE76379D56}"
EndProject
Project("{FAE04EC0-301F-11D3-BF4B-00C04F79EFBC}") = "service_async", "tests\reference_plugins\service_async.dll\service_async.csproj", "{E2D2BB73-D8E6-48E7-A8E5-1B7F41A92100}"
EndProject
Project("{2150E333-8FDC-42A3-9474-1A3956D46DE8}") = "service_async_cancel.dll", "service_async_cancel.dll", "{C0EB747E-EFB6-667C-F5A6-DD9B3BFF0322}"
EndProject
Project("{FAE04EC0-301F-11D3-BF4B-00C04F79EFBC}") = "service_async_cancel", "tests\reference_plugins\service_async_cancel.dll\service_async_cancel.csproj", "{A81E2CC9-0A95-4E79-831D-6A6B3F046EBB}"
EndProject
Project("{2150E333-8FDC-42A3-9474-1A3956D46DE8}") = "service_basic.dll", "service_basic.dll", "{D558A2B0-F86C-F37C-07BF-085BA3B73610}"
EndProject
Project("{FAE04EC0-301F-11D3-BF4B-00C04F79EFBC}") = "service_basic", "tests\reference_plugins\service_basic.dll\service_basic.csproj", "{37525707-248E-4CA7-BA18-D76108A27B82}"
EndProject
Project("{2150E333-8FDC-42A3-9474-1A3956D46DE8}") = "service_nested.dll", "service_nested.dll", "{889B777D-6D30-DE7D-8702-42B029DAC45B}"
EndProject
Project("{FAE04EC0-301F-11D3-BF4B-00C04F79EFBC}") = "service_nested", "tests\reference_plugins\service_nested.dll\service_nested.csproj", "{6D7E0D9C-6E4F-4AF1-9067-6118E3C4A6FB}"
EndProject
Project("{2150E333-8FDC-42A3-9474-1A3956D46DE8}") = "wire.dll", "wire.dll", "{D11E621B-5456-225C-AAA4-0B3BB185959C}"
EndProject
Project("{FAE04EC0-301F-11D3-BF4B-00C04F79EFBC}") = "wire", "tests\reference_plugins\wire.dll\wire.csproj", "{E2CDDA9D-4663-4424-95D2-AC2A7C360E15}"
EndProject
Project("{2150E333-8FDC-42A3-9474-1A3956D46DE8}") = "reference_project", "reference_project", "{D7BFF5D2-E623-DEDC-5E8B-5CFAB24365A2}"
EndProject
Project("{FAE04EC0-301F-11D3-BF4B-00C04F79EFBC}") = "Bindings", "tests\reference_project\Bindings\Bindings.csproj", "{14B8B5F9-2AE3-458D-8D3C-08FE122BEC6E}"
EndProject
Project("{FAE04EC0-301F-11D3-BF4B-00C04F79EFBC}") = "Tests", "tests\reference_project\Tests\Tests.csproj", "{3FEA700B-11BF-4E65-BC18-6DB2DD6C0E5D}"
EndProject
Global
	GlobalSection(SolutionConfigurationPlatforms) = preSolution
		Debug|Any CPU = Debug|Any CPU
		Debug|x64 = Debug|x64
		Debug|x86 = Debug|x86
		Release|Any CPU = Release|Any CPU
		Release|x64 = Release|x64
		Release|x86 = Release|x86
	EndGlobalSection
	GlobalSection(ProjectConfigurationPlatforms) = postSolution
		{9CEDA191-C84B-497C-9372-FCFDF0EEAFE3}.Debug|Any CPU.ActiveCfg = Debug|Any CPU
		{9CEDA191-C84B-497C-9372-FCFDF0EEAFE3}.Debug|Any CPU.Build.0 = Debug|Any CPU
		{9CEDA191-C84B-497C-9372-FCFDF0EEAFE3}.Debug|x64.ActiveCfg = Debug|Any CPU
		{9CEDA191-C84B-497C-9372-FCFDF0EEAFE3}.Debug|x64.Build.0 = Debug|Any CPU
		{9CEDA191-C84B-497C-9372-FCFDF0EEAFE3}.Debug|x86.ActiveCfg = Debug|Any CPU
		{9CEDA191-C84B-497C-9372-FCFDF0EEAFE3}.Debug|x86.Build.0 = Debug|Any CPU
		{9CEDA191-C84B-497C-9372-FCFDF0EEAFE3}.Release|Any CPU.ActiveCfg = Release|Any CPU
		{9CEDA191-C84B-497C-9372-FCFDF0EEAFE3}.Release|Any CPU.Build.0 = Release|Any CPU
		{9CEDA191-C84B-497C-9372-FCFDF0EEAFE3}.Release|x64.ActiveCfg = Release|Any CPU
		{9CEDA191-C84B-497C-9372-FCFDF0EEAFE3}.Release|x64.Build.0 = Release|Any CPU
		{9CEDA191-C84B-497C-9372-FCFDF0EEAFE3}.Release|x86.ActiveCfg = Release|Any CPU
		{9CEDA191-C84B-497C-9372-FCFDF0EEAFE3}.Release|x86.Build.0 = Release|Any CPU
		{9FB72C1C-A308-4F4E-AA8A-3F51708FDD32}.Debug|Any CPU.ActiveCfg = Debug|Any CPU
		{9FB72C1C-A308-4F4E-AA8A-3F51708FDD32}.Debug|Any CPU.Build.0 = Debug|Any CPU
		{9FB72C1C-A308-4F4E-AA8A-3F51708FDD32}.Debug|x64.ActiveCfg = Debug|Any CPU
		{9FB72C1C-A308-4F4E-AA8A-3F51708FDD32}.Debug|x64.Build.0 = Debug|Any CPU
		{9FB72C1C-A308-4F4E-AA8A-3F51708FDD32}.Debug|x86.ActiveCfg = Debug|Any CPU
		{9FB72C1C-A308-4F4E-AA8A-3F51708FDD32}.Debug|x86.Build.0 = Debug|Any CPU
		{9FB72C1C-A308-4F4E-AA8A-3F51708FDD32}.Release|Any CPU.ActiveCfg = Release|Any CPU
		{9FB72C1C-A308-4F4E-AA8A-3F51708FDD32}.Release|Any CPU.Build.0 = Release|Any CPU
		{9FB72C1C-A308-4F4E-AA8A-3F51708FDD32}.Release|x64.ActiveCfg = Release|Any CPU
		{9FB72C1C-A308-4F4E-AA8A-3F51708FDD32}.Release|x64.Build.0 = Release|Any CPU
		{9FB72C1C-A308-4F4E-AA8A-3F51708FDD32}.Release|x86.ActiveCfg = Release|Any CPU
		{9FB72C1C-A308-4F4E-AA8A-3F51708FDD32}.Release|x86.Build.0 = Release|Any CPU
		{02D2FA68-98F3-40E9-888A-B440383558A1}.Debug|Any CPU.ActiveCfg = Debug|Any CPU
		{02D2FA68-98F3-40E9-888A-B440383558A1}.Debug|Any CPU.Build.0 = Debug|Any CPU
		{02D2FA68-98F3-40E9-888A-B440383558A1}.Debug|x64.ActiveCfg = Debug|Any CPU
		{02D2FA68-98F3-40E9-888A-B440383558A1}.Debug|x64.Build.0 = Debug|Any CPU
		{02D2FA68-98F3-40E9-888A-B440383558A1}.Debug|x86.ActiveCfg = Debug|Any CPU
		{02D2FA68-98F3-40E9-888A-B440383558A1}.Debug|x86.Build.0 = Debug|Any CPU
		{02D2FA68-98F3-40E9-888A-B440383558A1}.Release|Any CPU.ActiveCfg = Release|Any CPU
		{02D2FA68-98F3-40E9-888A-B440383558A1}.Release|Any CPU.Build.0 = Release|Any CPU
		{02D2FA68-98F3-40E9-888A-B440383558A1}.Release|x64.ActiveCfg = Release|Any CPU
		{02D2FA68-98F3-40E9-888A-B440383558A1}.Release|x64.Build.0 = Release|Any CPU
		{02D2FA68-98F3-40E9-888A-B440383558A1}.Release|x86.ActiveCfg = Release|Any CPU
		{02D2FA68-98F3-40E9-888A-B440383558A1}.Release|x86.Build.0 = Release|Any CPU
		{F8066777-C3DF-4378-A537-87D261D54A10}.Debug|Any CPU.ActiveCfg = Debug|Any CPU
		{F8066777-C3DF-4378-A537-87D261D54A10}.Debug|Any CPU.Build.0 = Debug|Any CPU
		{F8066777-C3DF-4378-A537-87D261D54A10}.Debug|x64.ActiveCfg = Debug|Any CPU
		{F8066777-C3DF-4378-A537-87D261D54A10}.Debug|x64.Build.0 = Debug|Any CPU
		{F8066777-C3DF-4378-A537-87D261D54A10}.Debug|x86.ActiveCfg = Debug|Any CPU
		{F8066777-C3DF-4378-A537-87D261D54A10}.Debug|x86.Build.0 = Debug|Any CPU
		{F8066777-C3DF-4378-A537-87D261D54A10}.Release|Any CPU.ActiveCfg = Release|Any CPU
		{F8066777-C3DF-4378-A537-87D261D54A10}.Release|Any CPU.Build.0 = Release|Any CPU
		{F8066777-C3DF-4378-A537-87D261D54A10}.Release|x64.ActiveCfg = Release|Any CPU
		{F8066777-C3DF-4378-A537-87D261D54A10}.Release|x64.Build.0 = Release|Any CPU
		{F8066777-C3DF-4378-A537-87D261D54A10}.Release|x86.ActiveCfg = Release|Any CPU
		{F8066777-C3DF-4378-A537-87D261D54A10}.Release|x86.Build.0 = Release|Any CPU
		{C29034BA-F64C-48D5-BA32-E2F3FF2B4CF7}.Debug|Any CPU.ActiveCfg = Debug|Any CPU
		{C29034BA-F64C-48D5-BA32-E2F3FF2B4CF7}.Debug|Any CPU.Build.0 = Debug|Any CPU
		{C29034BA-F64C-48D5-BA32-E2F3FF2B4CF7}.Debug|x64.ActiveCfg = Debug|Any CPU
		{C29034BA-F64C-48D5-BA32-E2F3FF2B4CF7}.Debug|x64.Build.0 = Debug|Any CPU
		{C29034BA-F64C-48D5-BA32-E2F3FF2B4CF7}.Debug|x86.ActiveCfg = Debug|Any CPU
		{C29034BA-F64C-48D5-BA32-E2F3FF2B4CF7}.Debug|x86.Build.0 = Debug|Any CPU
		{C29034BA-F64C-48D5-BA32-E2F3FF2B4CF7}.Release|Any CPU.ActiveCfg = Release|Any CPU
		{C29034BA-F64C-48D5-BA32-E2F3FF2B4CF7}.Release|Any CPU.Build.0 = Release|Any CPU
		{C29034BA-F64C-48D5-BA32-E2F3FF2B4CF7}.Release|x64.ActiveCfg = Release|Any CPU
		{C29034BA-F64C-48D5-BA32-E2F3FF2B4CF7}.Release|x64.Build.0 = Release|Any CPU
		{C29034BA-F64C-48D5-BA32-E2F3FF2B4CF7}.Release|x86.ActiveCfg = Release|Any CPU
		{C29034BA-F64C-48D5-BA32-E2F3FF2B4CF7}.Release|x86.Build.0 = Release|Any CPU
		{D820080F-268C-4460-AAD8-712A0F0723E1}.Debug|Any CPU.ActiveCfg = Debug|Any CPU
		{D820080F-268C-4460-AAD8-712A0F0723E1}.Debug|Any CPU.Build.0 = Debug|Any CPU
		{D820080F-268C-4460-AAD8-712A0F0723E1}.Debug|x64.ActiveCfg = Debug|Any CPU
		{D820080F-268C-4460-AAD8-712A0F0723E1}.Debug|x64.Build.0 = Debug|Any CPU
		{D820080F-268C-4460-AAD8-712A0F0723E1}.Debug|x86.ActiveCfg = Debug|Any CPU
		{D820080F-268C-4460-AAD8-712A0F0723E1}.Debug|x86.Build.0 = Debug|Any CPU
		{D820080F-268C-4460-AAD8-712A0F0723E1}.Release|Any CPU.ActiveCfg = Release|Any CPU
		{D820080F-268C-4460-AAD8-712A0F0723E1}.Release|Any CPU.Build.0 = Release|Any CPU
		{D820080F-268C-4460-AAD8-712A0F0723E1}.Release|x64.ActiveCfg = Release|Any CPU
		{D820080F-268C-4460-AAD8-712A0F0723E1}.Release|x64.Build.0 = Release|Any CPU
		{D820080F-268C-4460-AAD8-712A0F0723E1}.Release|x86.ActiveCfg = Release|Any CPU
		{D820080F-268C-4460-AAD8-712A0F0723E1}.Release|x86.Build.0 = Release|Any CPU
		{C9293C09-5303-48F1-B728-82491E9B7202}.Debug|Any CPU.ActiveCfg = Debug|Any CPU
		{C9293C09-5303-48F1-B728-82491E9B7202}.Debug|Any CPU.Build.0 = Debug|Any CPU
		{C9293C09-5303-48F1-B728-82491E9B7202}.Debug|x64.ActiveCfg = Debug|Any CPU
		{C9293C09-5303-48F1-B728-82491E9B7202}.Debug|x64.Build.0 = Debug|Any CPU
		{C9293C09-5303-48F1-B728-82491E9B7202}.Debug|x86.ActiveCfg = Debug|Any CPU
		{C9293C09-5303-48F1-B728-82491E9B7202}.Debug|x86.Build.0 = Debug|Any CPU
		{C9293C09-5303-48F1-B728-82491E9B7202}.Release|Any CPU.ActiveCfg = Release|Any CPU
		{C9293C09-5303-48F1-B728-82491E9B7202}.Release|Any CPU.Build.0 = Release|Any CPU
		{C9293C09-5303-48F1-B728-82491E9B7202}.Release|x64.ActiveCfg = Release|Any CPU
		{C9293C09-5303-48F1-B728-82491E9B7202}.Release|x64.Build.0 = Release|Any CPU
		{C9293C09-5303-48F1-B728-82491E9B7202}.Release|x86.ActiveCfg = Release|Any CPU
		{C9293C09-5303-48F1-B728-82491E9B7202}.Release|x86.Build.0 = Release|Any CPU
		{E2D2BB73-D8E6-48E7-A8E5-1B7F41A92100}.Debug|Any CPU.ActiveCfg = Debug|Any CPU
		{E2D2BB73-D8E6-48E7-A8E5-1B7F41A92100}.Debug|Any CPU.Build.0 = Debug|Any CPU
		{E2D2BB73-D8E6-48E7-A8E5-1B7F41A92100}.Debug|x64.ActiveCfg = Debug|Any CPU
		{E2D2BB73-D8E6-48E7-A8E5-1B7F41A92100}.Debug|x64.Build.0 = Debug|Any CPU
		{E2D2BB73-D8E6-48E7-A8E5-1B7F41A92100}.Debug|x86.ActiveCfg = Debug|Any CPU
		{E2D2BB73-D8E6-48E7-A8E5-1B7F41A92100}.Debug|x86.Build.0 = Debug|Any CPU
		{E2D2BB73-D8E6-48E7-A8E5-1B7F41A92100}.Release|Any CPU.ActiveCfg = Release|Any CPU
		{E2D2BB73-D8E6-48E7-A8E5-1B7F41A92100}.Release|Any CPU.Build.0 = Release|Any CPU
		{E2D2BB73-D8E6-48E7-A8E5-1B7F41A92100}.Release|x64.ActiveCfg = Release|Any CPU
		{E2D2BB73-D8E6-48E7-A8E5-1B7F41A92100}.Release|x64.Build.0 = Release|Any CPU
		{E2D2BB73-D8E6-48E7-A8E5-1B7F41A92100}.Release|x86.ActiveCfg = Release|Any CPU
		{E2D2BB73-D8E6-48E7-A8E5-1B7F41A92100}.Release|x86.Build.0 = Release|Any CPU
		{A81E2CC9-0A95-4E79-831D-6A6B3F046EBB}.Debug|Any CPU.ActiveCfg = Debug|Any CPU
		{A81E2CC9-0A95-4E79-831D-6A6B3F046EBB}.Debug|Any CPU.Build.0 = Debug|Any CPU
		{A81E2CC9-0A95-4E79-831D-6A6B3F046EBB}.Debug|x64.ActiveCfg = Debug|Any CPU
		{A81E2CC9-0A95-4E79-831D-6A6B3F046EBB}.Debug|x64.Build.0 = Debug|Any CPU
		{A81E2CC9-0A95-4E79-831D-6A6B3F046EBB}.Debug|x86.ActiveCfg = Debug|Any CPU
		{A81E2CC9-0A95-4E79-831D-6A6B3F046EBB}.Debug|x86.Build.0 = Debug|Any CPU
		{A81E2CC9-0A95-4E79-831D-6A6B3F046EBB}.Release|Any CPU.ActiveCfg = Release|Any CPU
		{A81E2CC9-0A95-4E79-831D-6A6B3F046EBB}.Release|Any CPU.Build.0 = Release|Any CPU
		{A81E2CC9-0A95-4E79-831D-6A6B3F046EBB}.Release|x64.ActiveCfg = Release|Any CPU
		{A81E2CC9-0A95-4E79-831D-6A6B3F046EBB}.Release|x64.Build.0 = Release|Any CPU
		{A81E2CC9-0A95-4E79-831D-6A6B3F046EBB}.Release|x86.ActiveCfg = Release|Any CPU
		{A81E2CC9-0A95-4E79-831D-6A6B3F046EBB}.Release|x86.Build.0 = Release|Any CPU
		{37525707-248E-4CA7-BA18-D76108A27B82}.Debug|Any CPU.ActiveCfg = Debug|Any CPU
		{37525707-248E-4CA7-BA18-D76108A27B82}.Debug|Any CPU.Build.0 = Debug|Any CPU
		{37525707-248E-4CA7-BA18-D76108A27B82}.Debug|x64.ActiveCfg = Debug|Any CPU
		{37525707-248E-4CA7-BA18-D76108A27B82}.Debug|x64.Build.0 = Debug|Any CPU
		{37525707-248E-4CA7-BA18-D76108A27B82}.Debug|x86.ActiveCfg = Debug|Any CPU
		{37525707-248E-4CA7-BA18-D76108A27B82}.Debug|x86.Build.0 = Debug|Any CPU
		{37525707-248E-4CA7-BA18-D76108A27B82}.Release|Any CPU.ActiveCfg = Release|Any CPU
		{37525707-248E-4CA7-BA18-D76108A27B82}.Release|Any CPU.Build.0 = Release|Any CPU
		{37525707-248E-4CA7-BA18-D76108A27B82}.Release|x64.ActiveCfg = Release|Any CPU
		{37525707-248E-4CA7-BA18-D76108A27B82}.Release|x64.Build.0 = Release|Any CPU
		{37525707-248E-4CA7-BA18-D76108A27B82}.Release|x86.ActiveCfg = Release|Any CPU
		{37525707-248E-4CA7-BA18-D76108A27B82}.Release|x86.Build.0 = Release|Any CPU
		{6D7E0D9C-6E4F-4AF1-9067-6118E3C4A6FB}.Debug|Any CPU.ActiveCfg = Debug|Any CPU
		{6D7E0D9C-6E4F-4AF1-9067-6118E3C4A6FB}.Debug|Any CPU.Build.0 = Debug|Any CPU
		{6D7E0D9C-6E4F-4AF1-9067-6118E3C4A6FB}.Debug|x64.ActiveCfg = Debug|Any CPU
		{6D7E0D9C-6E4F-4AF1-9067-6118E3C4A6FB}.Debug|x64.Build.0 = Debug|Any CPU
		{6D7E0D9C-6E4F-4AF1-9067-6118E3C4A6FB}.Debug|x86.ActiveCfg = Debug|Any CPU
		{6D7E0D9C-6E4F-4AF1-9067-6118E3C4A6FB}.Debug|x86.Build.0 = Debug|Any CPU
		{6D7E0D9C-6E4F-4AF1-9067-6118E3C4A6FB}.Release|Any CPU.ActiveCfg = Release|Any CPU
		{6D7E0D9C-6E4F-4AF1-9067-6118E3C4A6FB}.Release|Any CPU.Build.0 = Release|Any CPU
		{6D7E0D9C-6E4F-4AF1-9067-6118E3C4A6FB}.Release|x64.ActiveCfg = Release|Any CPU
		{6D7E0D9C-6E4F-4AF1-9067-6118E3C4A6FB}.Release|x64.Build.0 = Release|Any CPU
		{6D7E0D9C-6E4F-4AF1-9067-6118E3C4A6FB}.Release|x86.ActiveCfg = Release|Any CPU
		{6D7E0D9C-6E4F-4AF1-9067-6118E3C4A6FB}.Release|x86.Build.0 = Release|Any CPU
		{E2CDDA9D-4663-4424-95D2-AC2A7C360E15}.Debug|Any CPU.ActiveCfg = Debug|Any CPU
		{E2CDDA9D-4663-4424-95D2-AC2A7C360E15}.Debug|Any CPU.Build.0 = Debug|Any CPU
		{E2CDDA9D-4663-4424-95D2-AC2A7C360E15}.Debug|x64.ActiveCfg = Debug|Any CPU
		{E2CDDA9D-4663-4424-95D2-AC2A7C360E15}.Debug|x64.Build.0 = Debug|Any CPU
		{E2CDDA9D-4663-4424-95D2-AC2A7C360E15}.Debug|x86.ActiveCfg = Debug|Any CPU
		{E2CDDA9D-4663-4424-95D2-AC2A7C360E15}.Debug|x86.Build.0 = Debug|Any CPU
		{E2CDDA9D-4663-4424-95D2-AC2A7C360E15}.Release|Any CPU.ActiveCfg = Release|Any CPU
		{E2CDDA9D-4663-4424-95D2-AC2A7C360E15}.Release|Any CPU.Build.0 = Release|Any CPU
		{E2CDDA9D-4663-4424-95D2-AC2A7C360E15}.Release|x64.ActiveCfg = Release|Any CPU
		{E2CDDA9D-4663-4424-95D2-AC2A7C360E15}.Release|x64.Build.0 = Release|Any CPU
		{E2CDDA9D-4663-4424-95D2-AC2A7C360E15}.Release|x86.ActiveCfg = Release|Any CPU
		{E2CDDA9D-4663-4424-95D2-AC2A7C360E15}.Release|x86.Build.0 = Release|Any CPU
		{14B8B5F9-2AE3-458D-8D3C-08FE122BEC6E}.Debug|Any CPU.ActiveCfg = Debug|Any CPU
		{14B8B5F9-2AE3-458D-8D3C-08FE122BEC6E}.Debug|Any CPU.Build.0 = Debug|Any CPU
		{14B8B5F9-2AE3-458D-8D3C-08FE122BEC6E}.Debug|x64.ActiveCfg = Debug|Any CPU
		{14B8B5F9-2AE3-458D-8D3C-08FE122BEC6E}.Debug|x64.Build.0 = Debug|Any CPU
		{14B8B5F9-2AE3-458D-8D3C-08FE122BEC6E}.Debug|x86.ActiveCfg = Debug|Any CPU
		{14B8B5F9-2AE3-458D-8D3C-08FE122BEC6E}.Debug|x86.Build.0 = Debug|Any CPU
		{14B8B5F9-2AE3-458D-8D3C-08FE122BEC6E}.Release|Any CPU.ActiveCfg = Release|Any CPU
		{14B8B5F9-2AE3-458D-8D3C-08FE122BEC6E}.Release|Any CPU.Build.0 = Release|Any CPU
		{14B8B5F9-2AE3-458D-8D3C-08FE122BEC6E}.Release|x64.ActiveCfg = Release|Any CPU
		{14B8B5F9-2AE3-458D-8D3C-08FE122BEC6E}.Release|x64.Build.0 = Release|Any CPU
		{14B8B5F9-2AE3-458D-8D3C-08FE122BEC6E}.Release|x86.ActiveCfg = Release|Any CPU
		{14B8B5F9-2AE3-458D-8D3C-08FE122BEC6E}.Release|x86.Build.0 = Release|Any CPU
		{3FEA700B-11BF-4E65-BC18-6DB2DD6C0E5D}.Debug|Any CPU.ActiveCfg = Debug|Any CPU
		{3FEA700B-11BF-4E65-BC18-6DB2DD6C0E5D}.Debug|Any CPU.Build.0 = Debug|Any CPU
		{3FEA700B-11BF-4E65-BC18-6DB2DD6C0E5D}.Debug|x64.ActiveCfg = Debug|Any CPU
		{3FEA700B-11BF-4E65-BC18-6DB2DD6C0E5D}.Debug|x64.Build.0 = Debug|Any CPU
		{3FEA700B-11BF-4E65-BC18-6DB2DD6C0E5D}.Debug|x86.ActiveCfg = Debug|Any CPU
		{3FEA700B-11BF-4E65-BC18-6DB2DD6C0E5D}.Debug|x86.Build.0 = Debug|Any CPU
		{3FEA700B-11BF-4E65-BC18-6DB2DD6C0E5D}.Release|Any CPU.ActiveCfg = Release|Any CPU
		{3FEA700B-11BF-4E65-BC18-6DB2DD6C0E5D}.Release|Any CPU.Build.0 = Release|Any CPU
		{3FEA700B-11BF-4E65-BC18-6DB2DD6C0E5D}.Release|x64.ActiveCfg = Release|Any CPU
		{3FEA700B-11BF-4E65-BC18-6DB2DD6C0E5D}.Release|x64.Build.0 = Release|Any CPU
		{3FEA700B-11BF-4E65-BC18-6DB2DD6C0E5D}.Release|x86.ActiveCfg = Release|Any CPU
		{3FEA700B-11BF-4E65-BC18-6DB2DD6C0E5D}.Release|x86.Build.0 = Release|Any CPU
	EndGlobalSection
	GlobalSection(SolutionProperties) = preSolution
		HideSolutionNode = FALSE
	EndGlobalSection
	GlobalSection(NestedProjects) = preSolution
		{7A3A976E-7F2D-4A44-4F7C-AFA76EFAEB79} = {A0C999E4-D4D5-A357-D053-95D43A9F45C8}
		{9CEDA191-C84B-497C-9372-FCFDF0EEAFE3} = {7A3A976E-7F2D-4A44-4F7C-AFA76EFAEB79}
		{4F22FDCF-7108-9EFC-24FD-B50D30961300} = {0AB3BF05-4346-4AA6-1389-037BE0695223}
		{33DAB519-BCD7-DD80-4835-34BB0AF556BA} = {4F22FDCF-7108-9EFC-24FD-B50D30961300}
		{9FB72C1C-A308-4F4E-AA8A-3F51708FDD32} = {33DAB519-BCD7-DD80-4835-34BB0AF556BA}
		{A7730322-6F63-57F7-2246-F75A30BBE4A4} = {4F22FDCF-7108-9EFC-24FD-B50D30961300}
		{02D2FA68-98F3-40E9-888A-B440383558A1} = {A7730322-6F63-57F7-2246-F75A30BBE4A4}
		{0356582A-D56E-B4D0-A24D-9117600512C1} = {0AB3BF05-4346-4AA6-1389-037BE0695223}
		{C6AEF2AB-4051-C53C-480F-2BD622A5AD23} = {0356582A-D56E-B4D0-A24D-9117600512C1}
		{F8066777-C3DF-4378-A537-87D261D54A10} = {C6AEF2AB-4051-C53C-480F-2BD622A5AD23}
		{362AD352-E173-C336-1F6C-F28DAA178E49} = {0356582A-D56E-B4D0-A24D-9117600512C1}
		{C29034BA-F64C-48D5-BA32-E2F3FF2B4CF7} = {362AD352-E173-C336-1F6C-F28DAA178E49}
		{C3D18193-51FE-BFCC-CE17-981F61D8B1C1} = {0356582A-D56E-B4D0-A24D-9117600512C1}
		{D820080F-268C-4460-AAD8-712A0F0723E1} = {C3D18193-51FE-BFCC-CE17-981F61D8B1C1}
		{6A0589BB-6D0A-70E9-9FFC-48B3F0C0ACCD} = {0356582A-D56E-B4D0-A24D-9117600512C1}
		{C9293C09-5303-48F1-B728-82491E9B7202} = {6A0589BB-6D0A-70E9-9FFC-48B3F0C0ACCD}
		{134E9FB9-8695-D932-54C6-2BBE76379D56} = {0356582A-D56E-B4D0-A24D-9117600512C1}
		{E2D2BB73-D8E6-48E7-A8E5-1B7F41A92100} = {134E9FB9-8695-D932-54C6-2BBE76379D56}
		{C0EB747E-EFB6-667C-F5A6-DD9B3BFF0322} = {0356582A-D56E-B4D0-A24D-9117600512C1}
		{A81E2CC9-0A95-4E79-831D-6A6B3F046EBB} = {C0EB747E-EFB6-667C-F5A6-DD9B3BFF0322}
		{D558A2B0-F86C-F37C-07BF-085BA3B73610} = {0356582A-D56E-B4D0-A24D-9117600512C1}
		{37525707-248E-4CA7-BA18-D76108A27B82} = {D558A2B0-F86C-F37C-07BF-085BA3B73610}
		{889B777D-6D30-DE7D-8702-42B029DAC45B} = {0356582A-D56E-B4D0-A24D-9117600512C1}
		{6D7E0D9C-6E4F-4AF1-9067-6118E3C4A6FB} = {889B777D-6D30-DE7D-8702-42B029DAC45B}
		{D11E621B-5456-225C-AAA4-0B3BB185959C} = {0356582A-D56E-B4D0-A24D-9117600512C1}
		{E2CDDA9D-4663-4424-95D2-AC2A7C360E15} = {D11E621B-5456-225C-AAA4-0B3BB185959C}
		{D7BFF5D2-E623-DEDC-5E8B-5CFAB24365A2} = {0AB3BF05-4346-4AA6-1389-037BE0695223}
		{14B8B5F9-2AE3-458D-8D3C-08FE122BEC6E} = {D7BFF5D2-E623-DEDC-5E8B-5CFAB24365A2}
		{3FEA700B-11BF-4E65-BC18-6DB2DD6C0E5D} = {D7BFF5D2-E623-DEDC-5E8B-5CFAB24365A2}
	EndGlobalSection
EndGlobal
